
Microsoft Visual Studio Solution File, Format Version 12.00
# Visual Studio Version 17
VisualStudioVersion = 17.10.35013.160
MinimumVisualStudioVersion = 10.0.40219.1
Project("{FAE04EC0-301F-11D3-BF4B-00C04F79EFBC}") = "CacheStoreTest", "CacheStoreTest\CacheStoreTest.csproj", "{5591DADB-4709-4EAD-8531-8BFD7FDE7DF9}"
EndProject
Global
	GlobalSection(SolutionConfigurationPlatforms) = preSolution
		Debug|Any CPU = Debug|Any CPU
		Release|Any CPU = Release|Any CPU
	EndGlobalSection
	GlobalSection(ProjectConfigurationPlatforms) = postSolution
		{5591DADB-4709-4EAD-8531-8BFD7FDE7DF9}.Debug|Any CPU.ActiveCfg = Debug|Any CPU
		{5591DADB-4709-4EAD-8531-8BFD7FDE7DF9}.Debug|Any CPU.Build.0 = Debug|Any CPU
		{5591DADB-4709-4EAD-8531-8BFD7FDE7DF9}.Release|Any CPU.ActiveCfg = Release|Any CPU
		{5591DADB-4709-4EAD-8531-8BFD7FDE7DF9}.Release|Any CPU.Build.0 = Release|Any CPU
	EndGlobalSection
	GlobalSection(SolutionProperties) = preSolution
		HideSolutionNode = FALSE
	EndGlobalSection
	GlobalSection(ExtensibilityGlobals) = postSolution
		SolutionGuid = {39203558-3D3B-41C7-80E8-A8462AED68F1}
	EndGlobalSection
EndGlobal
